
Microsoft Visual Studio Solution File, Format Version 12.00
# Visual Studio Version 17
VisualStudioVersion = 17.13.35931.197 d17.13
MinimumVisualStudioVersion = 10.0.40219.1
Project("{FAE04EC0-301F-11D3-BF4B-00C04F79EFBC}") = "Lab 3 - BMCSDL", "Lab 3 - BMCSDL\Lab 3 - BMCSDL.csproj", "{8BFE598B-BE8C-44F6-B08C-81E0B02A340B}"
EndProject
Global
	GlobalSection(SolutionConfigurationPlatforms) = preSolution
		Debug|Any CPU = Debug|Any CPU
		Release|Any CPU = Release|Any CPU
	EndGlobalSection
	GlobalSection(ProjectConfigurationPlatforms) = postSolution
		{8BFE598B-BE8C-44F6-B08C-81E0B02A340B}.Debug|Any CPU.ActiveCfg = Debug|Any CPU
		{8BFE598B-BE8C-44F6-B08C-81E0B02A340B}.Debug|Any CPU.Build.0 = Debug|Any CPU
		{8BFE598B-BE8C-44F6-B08C-81E0B02A340B}.Release|Any CPU.ActiveCfg = Release|Any CPU
		{8BFE598B-BE8C-44F6-B08C-81E0B02A340B}.Release|Any CPU.Build.0 = Release|Any CPU
	EndGlobalSection
	GlobalSection(SolutionProperties) = preSolution
		HideSolutionNode = FALSE
	EndGlobalSection
	GlobalSection(ExtensibilityGlobals) = postSolution
		SolutionGuid = {0ECF52D4-B60F-4B44-8C87-5DE5FCB2B275}
	EndGlobalSection
EndGlobal
